# This file is automatically @generated by Cargo.
# It is not intended for manual editing.
version = 3

[[package]]
name = "adler"
version = "1.0.2"
source = "registry+https://github.com/rust-lang/crates.io-index"
checksum = "f26201604c87b1e01bd3d98f8d5d9a8fcbb815e8cedb41ffccbeb4bf593a35fe"

[[package]]
name = "aho-corasick"
version = "0.7.18"
source = "registry+https://github.com/rust-lang/crates.io-index"
checksum = "1e37cfd5e7657ada45f742d6e99ca5788580b5c529dc78faf11ece6dc702656f"
dependencies = [
 "memchr",
]

[[package]]
name = "alloc-no-stdlib"
version = "2.0.3"
source = "registry+https://github.com/rust-lang/crates.io-index"
checksum = "35ef4730490ad1c4eae5c4325b2a95f521d023e5c885853ff7aca0a6a1631db3"

[[package]]
name = "alloc-stdlib"
version = "0.2.1"
source = "registry+https://github.com/rust-lang/crates.io-index"
checksum = "697ed7edc0f1711de49ce108c541623a0af97c6c60b2f6e2b65229847ac843c2"
dependencies = [
 "alloc-no-stdlib",
]

[[package]]
name = "array-init-cursor"
version = "0.2.0"
source = "registry+https://github.com/rust-lang/crates.io-index"
checksum = "bf7d0a018de4f6aa429b9d33d69edf69072b1c5b1cb8d3e4a5f7ef898fc3eb76"

[[package]]
name = "arrow"
version = "16.0.0"
source = "registry+https://github.com/rust-lang/crates.io-index"
checksum = "1cdc4456252b8108b914f41450a754d23b8d21299322f24f81fc46a834fa0293"
dependencies = [
 "bitflags",
 "chrono",
 "flatbuffers",
 "half",
 "hex",
 "indexmap",
 "lazy_static",
 "lexical-core",
 "multiversion",
 "num",
 "regex",
 "serde",
 "serde_derive",
 "serde_json",
]

[[package]]
name = "arrow-format"
version = "0.6.0"
source = "registry+https://github.com/rust-lang/crates.io-index"
checksum = "216249afef413d7e9e9b4b543e73b3e371ace3a812380af98f1c871521572cdd"
dependencies = [
 "planus",
 "serde",
]

[[package]]
name = "arrow2"
version = "0.12.0"
source = "registry+https://github.com/rust-lang/crates.io-index"
checksum = "5feafd6df4e3f577529e6aa2b9b7cdb3c9fe8e8f66ebc8dc29abbe71a7e968f0"
dependencies = [
 "arrow-format",
 "base64",
 "bytemuck",
 "chrono",
 "either",
 "fallible-streaming-iterator",
 "futures",
 "hash_hasher",
 "num-traits",
 "parquet2 0.13.2",
 "simdutf8",
 "streaming-iterator",
]

[[package]]
name = "async-stream"
version = "0.3.3"
source = "registry+https://github.com/rust-lang/crates.io-index"
checksum = "dad5c83079eae9969be7fadefe640a1c566901f05ff91ab221de4b6f68d9507e"
dependencies = [
 "async-stream-impl",
 "futures-core",
]

[[package]]
name = "async-stream-impl"
version = "0.3.3"
source = "registry+https://github.com/rust-lang/crates.io-index"
checksum = "10f203db73a71dfa2fb6dd22763990fa26f3d2625a6da2da900d23b87d26be27"
dependencies = [
 "proc-macro2",
 "quote",
 "syn",
]

[[package]]
name = "async-trait"
version = "0.1.56"
source = "registry+https://github.com/rust-lang/crates.io-index"
checksum = "96cf8829f67d2eab0b2dfa42c5d0ef737e0724e4a82b01b3e292456202b19716"
dependencies = [
 "proc-macro2",
 "quote",
 "syn",
]

[[package]]
name = "atty"
version = "0.2.14"
source = "registry+https://github.com/rust-lang/crates.io-index"
checksum = "d9b39be18770d11421cdb1b9947a45dd3f37e93092cbf377614828a319d5fee8"
dependencies = [
 "hermit-abi",
 "libc",
 "winapi",
]

[[package]]
name = "autocfg"
version = "1.1.0"
source = "registry+https://github.com/rust-lang/crates.io-index"
checksum = "d468802bab17cbc0cc575e9b053f41e72aa36bfa6b7f55e3529ffa43161b97fa"

[[package]]
name = "base64"
version = "0.13.0"
source = "registry+https://github.com/rust-lang/crates.io-index"
checksum = "904dfeac50f3cdaba28fc6f57fdcddb75f49ed61346676a78c4ffe55877802fd"

[[package]]
name = "bitflags"
version = "1.3.2"
source = "registry+https://github.com/rust-lang/crates.io-index"
checksum = "bef38d45163c2f1dde094a7dfd33ccf595c92905c8f8f4fdc18d06fb1037718a"

[[package]]
name = "bitpacking"
version = "0.8.4"
source = "registry+https://github.com/rust-lang/crates.io-index"
checksum = "a8c7d2ac73c167c06af4a5f37e6e59d84148d57ccbe4480b76f0273eefea82d7"
dependencies = [
 "crunchy",
]

[[package]]
name = "brotli"
version = "3.3.4"
source = "registry+https://github.com/rust-lang/crates.io-index"
checksum = "a1a0b1dbcc8ae29329621f8d4f0d835787c1c38bb1401979b49d13b0b305ff68"
dependencies = [
 "alloc-no-stdlib",
 "alloc-stdlib",
 "brotli-decompressor",
]

[[package]]
name = "brotli-decompressor"
version = "2.3.2"
source = "registry+https://github.com/rust-lang/crates.io-index"
checksum = "59ad2d4653bf5ca36ae797b1f4bb4dbddb60ce49ca4aed8a2ce4829f60425b80"
dependencies = [
 "alloc-no-stdlib",
 "alloc-stdlib",
]

[[package]]
name = "bumpalo"
version = "3.10.0"
source = "registry+https://github.com/rust-lang/crates.io-index"
checksum = "37ccbd214614c6783386c1af30caf03192f17891059cecc394b4fb119e363de3"

[[package]]
name = "bytemuck"
version = "1.9.1"
source = "registry+https://github.com/rust-lang/crates.io-index"
checksum = "cdead85bdec19c194affaeeb670c0e41fe23de31459efd1c174d049269cf02cc"
dependencies = [
 "bytemuck_derive",
]

[[package]]
name = "bytemuck_derive"
version = "1.1.0"
source = "registry+https://github.com/rust-lang/crates.io-index"
checksum = "562e382481975bc61d11275ac5e62a19abd00b0547d99516a415336f183dcd0e"
dependencies = [
 "proc-macro2",
 "quote",
 "syn",
]

[[package]]
name = "byteorder"
version = "1.4.3"
source = "registry+https://github.com/rust-lang/crates.io-index"
checksum = "14c189c53d098945499cdfa7ecc63567cf3886b3332b312a5b4585d8d3a6a610"

[[package]]
name = "bytes"
version = "1.1.0"
source = "registry+https://github.com/rust-lang/crates.io-index"
checksum = "c4872d67bab6358e59559027aa3b9157c53d9358c51423c17554809a8858e0f8"

[[package]]
name = "cc"
version = "1.0.73"
source = "registry+https://github.com/rust-lang/crates.io-index"
checksum = "2fff2a6927b3bb87f9595d67196a70493f627687a71d87a0d692242c33f58c11"
dependencies = [
 "jobserver",
]

[[package]]
name = "cfg-if"
version = "1.0.0"
source = "registry+https://github.com/rust-lang/crates.io-index"
checksum = "baf1de4339761588bc0619e3cbc0120ee582ebb74b53b4efbf79117bd2da40fd"

[[package]]
name = "chrono"
version = "0.4.19"
source = "registry+https://github.com/rust-lang/crates.io-index"
checksum = "670ad68c9088c2a963aaa298cb369688cf3f9465ce5e2d4ca10e6e0098a1ce73"
dependencies = [
 "libc",
 "num-integer",
 "num-traits",
 "winapi",
]

[[package]]
name = "clap"
version = "3.1.18"
source = "registry+https://github.com/rust-lang/crates.io-index"
checksum = "d2dbdf4bdacb33466e854ce889eee8dfd5729abf7ccd7664d0a2d60cd384440b"
dependencies = [
 "atty",
 "bitflags",
 "clap_derive",
 "clap_lex",
 "indexmap",
 "lazy_static",
 "strsim",
 "termcolor",
 "textwrap",
]

[[package]]
name = "clap_derive"
version = "3.1.18"
source = "registry+https://github.com/rust-lang/crates.io-index"
checksum = "25320346e922cffe59c0bbc5410c8d8784509efb321488971081313cb1e1a33c"
dependencies = [
 "heck",
 "proc-macro-error",
 "proc-macro2",
 "quote",
 "syn",
]

[[package]]
name = "clap_lex"
version = "0.2.2"
source = "registry+https://github.com/rust-lang/crates.io-index"
checksum = "5538cd660450ebeb4234cfecf8f2284b844ffc4c50531e66d584ad5b91293613"
dependencies = [
 "os_str_bytes",
]

[[package]]
name = "console_error_panic_hook"
version = "0.1.7"
source = "registry+https://github.com/rust-lang/crates.io-index"
checksum = "a06aeb73f470f66dcdbf7223caeebb85984942f22f1adb2a088cf9668146bbbc"
dependencies = [
 "cfg-if",
 "wasm-bindgen",
]

[[package]]
name = "crc32fast"
version = "1.3.2"
source = "registry+https://github.com/rust-lang/crates.io-index"
checksum = "b540bd8bc810d3885c6ea91e2018302f68baba2129ab3e88f32389ee9370880d"
dependencies = [
 "cfg-if",
]

[[package]]
name = "crunchy"
version = "0.2.2"
source = "registry+https://github.com/rust-lang/crates.io-index"
checksum = "7a81dae078cea95a014a339291cec439d2f232ebe854a9d672b796c6afafa9b7"

[[package]]
name = "either"
version = "1.6.1"
source = "registry+https://github.com/rust-lang/crates.io-index"
checksum = "e78d4f1cc4ae33bbfc157ed5d5a5ef3bc29227303d595861deb238fcec4e9457"

[[package]]
name = "fallible-streaming-iterator"
version = "0.1.9"
source = "registry+https://github.com/rust-lang/crates.io-index"
checksum = "7360491ce676a36bf9bb3c56c1aa791658183a54d2744120f27285738d90465a"

[[package]]
name = "flatbuffers"
version = "2.1.2"
source = "registry+https://github.com/rust-lang/crates.io-index"
checksum = "86b428b715fdbdd1c364b84573b5fdc0f84f8e423661b9f398735278bc7f2b6a"
dependencies = [
 "bitflags",
 "smallvec",
 "thiserror",
]

[[package]]
name = "flate2"
version = "1.0.24"
source = "registry+https://github.com/rust-lang/crates.io-index"
checksum = "f82b0f4c27ad9f8bfd1f3208d882da2b09c301bc1c828fd3a00d0216d2fbbff6"
dependencies = [
 "crc32fast",
 "miniz_oxide",
]

[[package]]
name = "futures"
version = "0.3.21"
source = "registry+https://github.com/rust-lang/crates.io-index"
checksum = "f73fe65f54d1e12b726f517d3e2135ca3125a437b6d998caf1962961f7172d9e"
dependencies = [
 "futures-channel",
 "futures-core",
 "futures-executor",
 "futures-io",
 "futures-sink",
 "futures-task",
 "futures-util",
]

[[package]]
name = "futures-channel"
version = "0.3.21"
source = "registry+https://github.com/rust-lang/crates.io-index"
checksum = "c3083ce4b914124575708913bca19bfe887522d6e2e6d0952943f5eac4a74010"
dependencies = [
 "futures-core",
 "futures-sink",
]

[[package]]
name = "futures-core"
version = "0.3.21"
source = "registry+https://github.com/rust-lang/crates.io-index"
checksum = "0c09fd04b7e4073ac7156a9539b57a484a8ea920f79c7c675d05d289ab6110d3"

[[package]]
name = "futures-executor"
version = "0.3.21"
source = "registry+https://github.com/rust-lang/crates.io-index"
checksum = "9420b90cfa29e327d0429f19be13e7ddb68fa1cccb09d65e5706b8c7a749b8a6"
dependencies = [
 "futures-core",
 "futures-task",
 "futures-util",
]

[[package]]
name = "futures-io"
version = "0.3.21"
source = "registry+https://github.com/rust-lang/crates.io-index"
checksum = "fc4045962a5a5e935ee2fdedaa4e08284547402885ab326734432bed5d12966b"

[[package]]
name = "futures-macro"
version = "0.3.21"
source = "registry+https://github.com/rust-lang/crates.io-index"
checksum = "33c1e13800337f4d4d7a316bf45a567dbcb6ffe087f16424852d97e97a91f512"
dependencies = [
 "proc-macro2",
 "quote",
 "syn",
]

[[package]]
name = "futures-sink"
version = "0.3.21"
source = "registry+https://github.com/rust-lang/crates.io-index"
checksum = "21163e139fa306126e6eedaf49ecdb4588f939600f0b1e770f4205ee4b7fa868"

[[package]]
name = "futures-task"
version = "0.3.21"
source = "registry+https://github.com/rust-lang/crates.io-index"
checksum = "57c66a976bf5909d801bbef33416c41372779507e7a6b3a5e25e4749c58f776a"

[[package]]
name = "futures-util"
version = "0.3.21"
source = "registry+https://github.com/rust-lang/crates.io-index"
checksum = "d8b7abd5d659d9b90c8cba917f6ec750a74e2dc23902ef9cd4cc8c8b22e6036a"
dependencies = [
 "futures-channel",
 "futures-core",
 "futures-io",
 "futures-macro",
 "futures-sink",
 "futures-task",
 "memchr",
 "pin-project-lite",
 "pin-utils",
 "slab",
]

[[package]]
name = "getrandom"
version = "0.2.7"
source = "registry+https://github.com/rust-lang/crates.io-index"
checksum = "4eb1a864a501629691edf6c15a593b7a51eebaa1e8468e9ddc623de7c9b58ec6"
dependencies = [
 "cfg-if",
 "js-sys",
 "libc",
 "wasi",
 "wasm-bindgen",
]

[[package]]
name = "half"
version = "1.8.2"
source = "registry+https://github.com/rust-lang/crates.io-index"
checksum = "eabb4a44450da02c90444cf74558da904edde8fb4e9035a9a6a4e15445af0bd7"

[[package]]
name = "hash_hasher"
version = "2.0.3"
source = "registry+https://github.com/rust-lang/crates.io-index"
checksum = "74721d007512d0cb3338cd20f0654ac913920061a4c4d0d8708edb3f2a698c0c"

[[package]]
name = "hashbrown"
version = "0.11.2"
source = "registry+https://github.com/rust-lang/crates.io-index"
checksum = "ab5ef0d4909ef3724cc8cce6ccc8572c5c817592e9285f5464f8e86f8bd3726e"

[[package]]
name = "heck"
version = "0.4.0"
source = "registry+https://github.com/rust-lang/crates.io-index"
checksum = "2540771e65fc8cb83cd6e8a237f70c319bd5c29f78ed1084ba5d50eeac86f7f9"

[[package]]
name = "hermit-abi"
version = "0.1.19"
source = "registry+https://github.com/rust-lang/crates.io-index"
checksum = "62b467343b94ba476dcb2500d242dadbb39557df889310ac77c5d99100aaac33"
dependencies = [
 "libc",
]

[[package]]
name = "hex"
version = "0.4.3"
source = "registry+https://github.com/rust-lang/crates.io-index"
checksum = "7f24254aa9a54b5c858eaee2f5bccdb46aaf0e486a595ed5fd8f86ba55232a70"

[[package]]
name = "indexmap"
version = "1.8.2"
source = "registry+https://github.com/rust-lang/crates.io-index"
checksum = "e6012d540c5baa3589337a98ce73408de9b5a25ec9fc2c6fd6be8f0d39e0ca5a"
dependencies = [
 "autocfg",
 "hashbrown",
]

[[package]]
name = "integer-encoding"
version = "1.1.7"
source = "registry+https://github.com/rust-lang/crates.io-index"
checksum = "48dc51180a9b377fd75814d0cc02199c20f8e99433d6762f650d39cdbbd3b56f"

[[package]]
name = "integer-encoding"
version = "3.0.3"
source = "registry+https://github.com/rust-lang/crates.io-index"
checksum = "0e85a1509a128c855368e135cffcde7eac17d8e1083f41e2b98c58bc1a5074be"
dependencies = [
 "async-trait",
 "futures-util",
]

[[package]]
name = "itoa"
version = "1.0.2"
source = "registry+https://github.com/rust-lang/crates.io-index"
checksum = "112c678d4050afce233f4f2852bb2eb519230b3cf12f33585275537d7e41578d"

[[package]]
name = "jobserver"
version = "0.1.24"
source = "registry+https://github.com/rust-lang/crates.io-index"
checksum = "af25a77299a7f711a01975c35a6a424eb6862092cc2d6c72c4ed6cbc56dfc1fa"
dependencies = [
 "libc",
]

[[package]]
name = "js-sys"
version = "0.3.58"
source = "registry+https://github.com/rust-lang/crates.io-index"
checksum = "c3fac17f7123a73ca62df411b1bf727ccc805daa070338fda671c86dac1bdc27"
dependencies = [
 "wasm-bindgen",
]

[[package]]
name = "lazy_static"
version = "1.4.0"
source = "registry+https://github.com/rust-lang/crates.io-index"
checksum = "e2abad23fbc42b3700f2f279844dc832adb2b2eb069b2df918f455c4e18cc646"

[[package]]
name = "lexical-core"
version = "0.8.5"
source = "registry+https://github.com/rust-lang/crates.io-index"
checksum = "2cde5de06e8d4c2faabc400238f9ae1c74d5412d03a7bd067645ccbc47070e46"
dependencies = [
 "lexical-parse-float",
 "lexical-parse-integer",
 "lexical-util",
 "lexical-write-float",
 "lexical-write-integer",
]

[[package]]
name = "lexical-parse-float"
version = "0.8.5"
source = "registry+https://github.com/rust-lang/crates.io-index"
checksum = "683b3a5ebd0130b8fb52ba0bdc718cc56815b6a097e28ae5a6997d0ad17dc05f"
dependencies = [
 "lexical-parse-integer",
 "lexical-util",
 "static_assertions",
]

[[package]]
name = "lexical-parse-integer"
version = "0.8.6"
source = "registry+https://github.com/rust-lang/crates.io-index"
checksum = "6d0994485ed0c312f6d965766754ea177d07f9c00c9b82a5ee62ed5b47945ee9"
dependencies = [
 "lexical-util",
 "static_assertions",
]

[[package]]
name = "lexical-util"
version = "0.8.5"
source = "registry+https://github.com/rust-lang/crates.io-index"
checksum = "5255b9ff16ff898710eb9eb63cb39248ea8a5bb036bea8085b1a767ff6c4e3fc"
dependencies = [
 "static_assertions",
]

[[package]]
name = "lexical-write-float"
version = "0.8.5"
source = "registry+https://github.com/rust-lang/crates.io-index"
checksum = "accabaa1c4581f05a3923d1b4cfd124c329352288b7b9da09e766b0668116862"
dependencies = [
 "lexical-util",
 "lexical-write-integer",
 "static_assertions",
]

[[package]]
name = "lexical-write-integer"
version = "0.8.5"
source = "registry+https://github.com/rust-lang/crates.io-index"
checksum = "e1b6f3d1f4422866b68192d62f77bc5c700bee84f3069f2469d7bc8c77852446"
dependencies = [
 "lexical-util",
 "static_assertions",
]

[[package]]
name = "libc"
version = "0.2.126"
source = "registry+https://github.com/rust-lang/crates.io-index"
checksum = "349d5a591cd28b49e1d1037471617a32ddcda5731b99419008085f72d5a53836"

[[package]]
name = "log"
version = "0.4.17"
source = "registry+https://github.com/rust-lang/crates.io-index"
checksum = "abb12e687cfb44aa40f41fc3978ef76448f9b6038cad6aef4259d3c095a2382e"
dependencies = [
 "cfg-if",
]

[[package]]
name = "lz4_flex"
version = "0.9.3"
source = "registry+https://github.com/rust-lang/crates.io-index"
checksum = "74141c8af4bb8136dafb5705826bdd9dce823021db897c1129191804140ddf84"
dependencies = [
 "twox-hash",
]

[[package]]
name = "memchr"
version = "2.5.0"
source = "registry+https://github.com/rust-lang/crates.io-index"
checksum = "2dffe52ecf27772e601905b7522cb4ef790d2cc203488bbd0e2fe85fcb74566d"

[[package]]
name = "miniz_oxide"
version = "0.5.3"
source = "registry+https://github.com/rust-lang/crates.io-index"
checksum = "6f5c75688da582b8ffc1f1799e9db273f32133c49e048f614d22ec3256773ccc"
dependencies = [
 "adler",
]

[[package]]
name = "multiversion"
version = "0.6.1"
source = "registry+https://github.com/rust-lang/crates.io-index"
checksum = "025c962a3dd3cc5e0e520aa9c612201d127dcdf28616974961a649dca64f5373"
dependencies = [
 "multiversion-macros",
]

[[package]]
name = "multiversion-macros"
version = "0.6.1"
source = "registry+https://github.com/rust-lang/crates.io-index"
checksum = "a8a3e2bde382ebf960c1f3e79689fa5941625fe9bf694a1cb64af3e85faff3af"
dependencies = [
 "proc-macro2",
 "quote",
 "syn",
]

[[package]]
name = "num"
version = "0.4.0"
source = "registry+https://github.com/rust-lang/crates.io-index"
checksum = "43db66d1170d347f9a065114077f7dccb00c1b9478c89384490a3425279a4606"
dependencies = [
 "num-bigint",
 "num-complex",
 "num-integer",
 "num-iter",
 "num-rational",
 "num-traits",
]

[[package]]
name = "num-bigint"
version = "0.4.3"
source = "registry+https://github.com/rust-lang/crates.io-index"
checksum = "f93ab6289c7b344a8a9f60f88d80aa20032336fe78da341afc91c8a2341fc75f"
dependencies = [
 "autocfg",
 "num-integer",
 "num-traits",
]

[[package]]
name = "num-complex"
version = "0.4.1"
source = "registry+https://github.com/rust-lang/crates.io-index"
checksum = "97fbc387afefefd5e9e39493299f3069e14a140dd34dc19b4c1c1a8fddb6a790"
dependencies = [
 "num-traits",
]

[[package]]
name = "num-integer"
version = "0.1.45"
source = "registry+https://github.com/rust-lang/crates.io-index"
checksum = "225d3389fb3509a24c93f5c29eb6bde2586b98d9f016636dff58d7c6f7569cd9"
dependencies = [
 "autocfg",
 "num-traits",
]

[[package]]
name = "num-iter"
version = "0.1.43"
source = "registry+https://github.com/rust-lang/crates.io-index"
checksum = "7d03e6c028c5dc5cac6e2dec0efda81fc887605bb3d884578bb6d6bf7514e252"
dependencies = [
 "autocfg",
 "num-integer",
 "num-traits",
]

[[package]]
name = "num-rational"
version = "0.4.0"
source = "registry+https://github.com/rust-lang/crates.io-index"
checksum = "d41702bd167c2df5520b384281bc111a4b5efcf7fbc4c9c222c815b07e0a6a6a"
dependencies = [
 "autocfg",
 "num-bigint",
 "num-integer",
 "num-traits",
]

[[package]]
name = "num-traits"
version = "0.2.15"
source = "registry+https://github.com/rust-lang/crates.io-index"
checksum = "578ede34cf02f8924ab9447f50c28075b4d3e5b269972345e7e0372b38c6cdcd"
dependencies = [
 "autocfg",
]

[[package]]
name = "num_cpus"
version = "1.13.1"
source = "registry+https://github.com/rust-lang/crates.io-index"
checksum = "19e64526ebdee182341572e50e9ad03965aa510cd94427a4549448f285e957a1"
dependencies = [
 "hermit-abi",
 "libc",
]

[[package]]
name = "ordered-float"
version = "1.1.1"
source = "registry+https://github.com/rust-lang/crates.io-index"
checksum = "3305af35278dd29f46fcdd139e0b1fbfae2153f0e5928b39b035542dd31e37b7"
dependencies = [
 "num-traits",
]

[[package]]
name = "os_str_bytes"
version = "6.1.0"
source = "registry+https://github.com/rust-lang/crates.io-index"
checksum = "21326818e99cfe6ce1e524c2a805c189a99b5ae555a35d19f9a284b427d86afa"

[[package]]
name = "parquet"
version = "16.0.0"
source = "registry+https://github.com/rust-lang/crates.io-index"
checksum = "f11444503e702853d52a612828e238a8d0072f85f9a0427b5e2009da4ce61594"
dependencies = [
 "arrow",
 "base64",
 "brotli",
 "byteorder",
 "bytes",
 "chrono",
 "flate2",
 "num",
 "num-bigint",
 "parquet-format",
 "rand",
 "snap",
 "thrift",
 "zstd",
]

[[package]]
name = "parquet-format"
version = "4.0.0"
source = "registry+https://github.com/rust-lang/crates.io-index"
checksum = "1f0c06cdcd5460967c485f9c40a821746f5955ad81990533c7fae95dbd9bc0b5"
dependencies = [
 "thrift",
]

[[package]]
name = "parquet-format-async-temp"
version = "0.3.1"
source = "registry+https://github.com/rust-lang/crates.io-index"
checksum = "e1a672c84c3e5b5eb6530286b2d22cc1ea8e1e3560e4c314218d6ab749c6db99"
dependencies = [
 "async-trait",
 "futures",
 "integer-encoding 3.0.3",
]

[[package]]
name = "parquet-wasm"
version = "0.3.1"
dependencies = [
 "arrow",
 "arrow2",
 "bytes",
 "clap",
 "console_error_panic_hook",
 "getrandom",
 "js-sys",
 "parquet",
 "parquet2 0.14.0",
 "wasm-bindgen",
 "wasm-bindgen-test",
 "web-sys",
]

[[package]]
name = "parquet2"
version = "0.13.2"
source = "registry+https://github.com/rust-lang/crates.io-index"
checksum = "73fd2690ad041f9296876daef1f2706f6347073bdbcc719090887f1691e4a09d"
dependencies = [
 "async-stream",
 "bitpacking",
 "futures",
 "parquet-format-async-temp",
 "streaming-decompression",
]

[[package]]
name = "parquet2"
version = "0.14.0"
source = "registry+https://github.com/rust-lang/crates.io-index"
checksum = "996b63f843c9c725edee19b1a599220f7d91718ef419546d7de61c53eeeddef4"
dependencies = [
 "async-stream",
 "bitpacking",
 "brotli",
 "flate2",
 "futures",
 "lz4_flex",
 "parquet-format-async-temp",
 "snap",
 "streaming-decompression",
 "zstd",
]

[[package]]
name = "pin-project-lite"
version = "0.2.9"
source = "registry+https://github.com/rust-lang/crates.io-index"
checksum = "e0a7ae3ac2f1173085d398531c705756c94a4c56843785df85a60c1a0afac116"

[[package]]
name = "pin-utils"
version = "0.1.0"
source = "registry+https://github.com/rust-lang/crates.io-index"
checksum = "8b870d8c151b6f2fb93e84a13146138f05d02ed11c7e7c54f8826aaaf7c9f184"

[[package]]
name = "planus"
version = "0.2.0"
source = "registry+https://github.com/rust-lang/crates.io-index"
checksum = "bffebaf174d6cad46a5f0f1bb1c45c6eb509571688bcb18dfab217f3c9f9b151"
dependencies = [
 "array-init-cursor",
]

[[package]]
name = "ppv-lite86"
version = "0.2.16"
source = "registry+https://github.com/rust-lang/crates.io-index"
checksum = "eb9f9e6e233e5c4a35559a617bf40a4ec447db2e84c20b55a6f83167b7e57872"

[[package]]
name = "proc-macro-error"
version = "1.0.4"
source = "registry+https://github.com/rust-lang/crates.io-index"
checksum = "da25490ff9892aab3fcf7c36f08cfb902dd3e71ca0f9f9517bea02a73a5ce38c"
dependencies = [
 "proc-macro-error-attr",
 "proc-macro2",
 "quote",
 "syn",
 "version_check",
]

[[package]]
name = "proc-macro-error-attr"
version = "1.0.4"
source = "registry+https://github.com/rust-lang/crates.io-index"
checksum = "a1be40180e52ecc98ad80b184934baf3d0d29f979574e439af5a55274b35f869"
dependencies = [
 "proc-macro2",
 "quote",
 "version_check",
]

[[package]]
name = "proc-macro2"
version = "1.0.39"
source = "registry+https://github.com/rust-lang/crates.io-index"
checksum = "c54b25569025b7fc9651de43004ae593a75ad88543b17178aa5e1b9c4f15f56f"
dependencies = [
 "unicode-ident",
]

[[package]]
name = "quote"
version = "1.0.18"
source = "registry+https://github.com/rust-lang/crates.io-index"
checksum = "a1feb54ed693b93a84e14094943b84b7c4eae204c512b7ccb95ab0c66d278ad1"
dependencies = [
 "proc-macro2",
]

[[package]]
name = "rand"
version = "0.8.5"
source = "registry+https://github.com/rust-lang/crates.io-index"
checksum = "34af8d1a0e25924bc5b7c43c079c942339d8f0a8b57c39049bef581b46327404"
dependencies = [
 "libc",
 "rand_chacha",
 "rand_core",
]

[[package]]
name = "rand_chacha"
version = "0.3.1"
source = "registry+https://github.com/rust-lang/crates.io-index"
checksum = "e6c10a63a0fa32252be49d21e7709d4d4baf8d231c2dbce1eaa8141b9b127d88"
dependencies = [
 "ppv-lite86",
 "rand_core",
]

[[package]]
name = "rand_core"
version = "0.6.3"
source = "registry+https://github.com/rust-lang/crates.io-index"
checksum = "d34f1408f55294453790c48b2f1ebbb1c5b4b7563eb1f418bcfcfdbb06ebb4e7"
dependencies = [
 "getrandom",
]

[[package]]
name = "regex"
version = "1.5.6"
source = "registry+https://github.com/rust-lang/crates.io-index"
checksum = "d83f127d94bdbcda4c8cc2e50f6f84f4b611f69c902699ca385a39c3a75f9ff1"
dependencies = [
 "aho-corasick",
 "memchr",
 "regex-syntax",
]

[[package]]
name = "regex-syntax"
version = "0.6.26"
source = "registry+https://github.com/rust-lang/crates.io-index"
checksum = "49b3de9ec5dc0a3417da371aab17d729997c15010e7fd24ff707773a33bddb64"

[[package]]
name = "ryu"
version = "1.0.10"
source = "registry+https://github.com/rust-lang/crates.io-index"
checksum = "f3f6f92acf49d1b98f7a81226834412ada05458b7364277387724a237f062695"

[[package]]
name = "scoped-tls"
version = "1.0.0"
source = "registry+https://github.com/rust-lang/crates.io-index"
checksum = "ea6a9290e3c9cf0f18145ef7ffa62d68ee0bf5fcd651017e586dc7fd5da448c2"

[[package]]
name = "serde"
version = "1.0.137"
source = "registry+https://github.com/rust-lang/crates.io-index"
checksum = "61ea8d54c77f8315140a05f4c7237403bf38b72704d031543aa1d16abbf517d1"
dependencies = [
 "serde_derive",
]

[[package]]
name = "serde_derive"
version = "1.0.137"
source = "registry+https://github.com/rust-lang/crates.io-index"
checksum = "1f26faba0c3959972377d3b2d306ee9f71faee9714294e41bb777f83f88578be"
dependencies = [
 "proc-macro2",
 "quote",
 "syn",
]

[[package]]
name = "serde_json"
version = "1.0.81"
source = "registry+https://github.com/rust-lang/crates.io-index"
checksum = "9b7ce2b32a1aed03c558dc61a5cd328f15aff2dbc17daad8fb8af04d2100e15c"
dependencies = [
 "indexmap",
 "itoa",
 "ryu",
 "serde",
]

[[package]]
name = "simdutf8"
version = "0.1.4"
source = "registry+https://github.com/rust-lang/crates.io-index"
checksum = "f27f6278552951f1f2b8cf9da965d10969b2efdea95a6ec47987ab46edfe263a"

[[package]]
name = "slab"
version = "0.4.6"
source = "registry+https://github.com/rust-lang/crates.io-index"
checksum = "eb703cfe953bccee95685111adeedb76fabe4e97549a58d16f03ea7b9367bb32"

[[package]]
name = "smallvec"
version = "1.8.0"
source = "registry+https://github.com/rust-lang/crates.io-index"
checksum = "f2dd574626839106c320a323308629dcb1acfc96e32a8cba364ddc61ac23ee83"

[[package]]
name = "snap"
version = "1.0.5"
source = "registry+https://github.com/rust-lang/crates.io-index"
checksum = "45456094d1983e2ee2a18fdfebce3189fa451699d0502cb8e3b49dba5ba41451"

[[package]]
name = "static_assertions"
version = "1.1.0"
source = "registry+https://github.com/rust-lang/crates.io-index"
checksum = "a2eb9349b6444b326872e140eb1cf5e7c522154d69e7a0ffb0fb81c06b37543f"

[[package]]
name = "streaming-decompression"
version = "0.1.0"
source = "registry+https://github.com/rust-lang/crates.io-index"
checksum = "9bc687acd5dc742c4a7094f2927a8614a68e4743ef682e7a2f9f0f711656cc92"
dependencies = [
 "fallible-streaming-iterator",
]

[[package]]
name = "streaming-iterator"
version = "0.1.5"
source = "registry+https://github.com/rust-lang/crates.io-index"
checksum = "303235c177994a476226b80d076bd333b7b560fb05bd242a10609d11b07f81f5"

[[package]]
name = "strsim"
version = "0.10.0"
source = "registry+https://github.com/rust-lang/crates.io-index"
checksum = "73473c0e59e6d5812c5dfe2a064a6444949f089e20eec9a2e5506596494e4623"

[[package]]
name = "syn"
version = "1.0.96"
source = "registry+https://github.com/rust-lang/crates.io-index"
checksum = "0748dd251e24453cb8717f0354206b91557e4ec8703673a4b30208f2abaf1ebf"
dependencies = [
 "proc-macro2",
 "quote",
 "unicode-ident",
]

[[package]]
name = "termcolor"
version = "1.1.3"
source = "registry+https://github.com/rust-lang/crates.io-index"
checksum = "bab24d30b911b2376f3a13cc2cd443142f0c81dda04c118693e35b3835757755"
dependencies = [
 "winapi-util",
]

[[package]]
name = "textwrap"
version = "0.15.0"
source = "registry+https://github.com/rust-lang/crates.io-index"
checksum = "b1141d4d61095b28419e22cb0bbf02755f5e54e0526f97f1e3d1d160e60885fb"

[[package]]
name = "thiserror"
version = "1.0.31"
source = "registry+https://github.com/rust-lang/crates.io-index"
checksum = "bd829fe32373d27f76265620b5309d0340cb8550f523c1dda251d6298069069a"
dependencies = [
 "thiserror-impl",
]

[[package]]
name = "thiserror-impl"
version = "1.0.31"
source = "registry+https://github.com/rust-lang/crates.io-index"
checksum = "0396bc89e626244658bef819e22d0cc459e795a5ebe878e6ec336d1674a8d79a"
dependencies = [
 "proc-macro2",
 "quote",
 "syn",
]

[[package]]
name = "threadpool"
version = "1.8.1"
source = "registry+https://github.com/rust-lang/crates.io-index"
checksum = "d050e60b33d41c19108b32cea32164033a9013fe3b46cbd4457559bfbf77afaa"
dependencies = [
 "num_cpus",
]

[[package]]
name = "thrift"
version = "0.13.0"
source = "registry+https://github.com/rust-lang/crates.io-index"
checksum = "0c6d965454947cc7266d22716ebfd07b18d84ebaf35eec558586bbb2a8cb6b5b"
dependencies = [
 "byteorder",
 "integer-encoding 1.1.7",
 "log",
 "ordered-float",
 "threadpool",
]

[[package]]
name = "twox-hash"
version = "1.6.3"
source = "registry+https://github.com/rust-lang/crates.io-index"
checksum = "97fee6b57c6a41524a810daee9286c02d7752c4253064d0b05472833a438f675"
dependencies = [
 "cfg-if",
 "static_assertions",
]

[[package]]
name = "unicode-ident"
version = "1.0.1"
source = "registry+https://github.com/rust-lang/crates.io-index"
checksum = "5bd2fe26506023ed7b5e1e315add59d6f584c621d037f9368fea9cfb988f368c"

[[package]]
name = "version_check"
version = "0.9.4"
source = "registry+https://github.com/rust-lang/crates.io-index"
checksum = "49874b5167b65d7193b8aba1567f5c7d93d001cafc34600cee003eda787e483f"

[[package]]
name = "wasi"
version = "0.11.0+wasi-snapshot-preview1"
source = "registry+https://github.com/rust-lang/crates.io-index"
checksum = "9c8d87e72b64a3b4db28d11ce29237c246188f4f51057d65a7eab63b7987e423"

[[package]]
name = "wasm-bindgen"
version = "0.2.81"
source = "registry+https://github.com/rust-lang/crates.io-index"
checksum = "7c53b543413a17a202f4be280a7e5c62a1c69345f5de525ee64f8cfdbc954994"
dependencies = [
 "cfg-if",
 "wasm-bindgen-macro",
]

[[package]]
name = "wasm-bindgen-backend"
version = "0.2.81"
source = "registry+https://github.com/rust-lang/crates.io-index"
checksum = "5491a68ab4500fa6b4d726bd67408630c3dbe9c4fe7bda16d5c82a1fd8c7340a"
dependencies = [
 "bumpalo",
 "lazy_static",
 "log",
 "proc-macro2",
 "quote",
 "syn",
 "wasm-bindgen-shared",
]

[[package]]
name = "wasm-bindgen-futures"
version = "0.4.30"
source = "registry+https://github.com/rust-lang/crates.io-index"
checksum = "6f741de44b75e14c35df886aff5f1eb73aa114fa5d4d00dcd37b5e01259bf3b2"
dependencies = [
 "cfg-if",
 "js-sys",
 "wasm-bindgen",
 "web-sys",
]

[[package]]
name = "wasm-bindgen-macro"
version = "0.2.81"
source = "registry+https://github.com/rust-lang/crates.io-index"
checksum = "c441e177922bc58f1e12c022624b6216378e5febc2f0533e41ba443d505b80aa"
dependencies = [
 "quote",
 "wasm-bindgen-macro-support",
]

[[package]]
name = "wasm-bindgen-macro-support"
version = "0.2.81"
source = "registry+https://github.com/rust-lang/crates.io-index"
checksum = "7d94ac45fcf608c1f45ef53e748d35660f168490c10b23704c7779ab8f5c3048"
dependencies = [
 "proc-macro2",
 "quote",
 "syn",
 "wasm-bindgen-backend",
 "wasm-bindgen-shared",
]

[[package]]
name = "wasm-bindgen-shared"
version = "0.2.81"
source = "registry+https://github.com/rust-lang/crates.io-index"
checksum = "6a89911bd99e5f3659ec4acf9c4d93b0a90fe4a2a11f15328472058edc5261be"

[[package]]
name = "wasm-bindgen-test"
version = "0.3.30"
source = "registry+https://github.com/rust-lang/crates.io-index"
checksum = "d4464b3f74729a25f42b1a0cd9e6a515d2f25001f3535a6cfaf35d34a4de3bab"
dependencies = [
 "console_error_panic_hook",
 "js-sys",
 "scoped-tls",
 "wasm-bindgen",
 "wasm-bindgen-futures",
 "wasm-bindgen-test-macro",
]

[[package]]
name = "wasm-bindgen-test-macro"
version = "0.3.30"
source = "registry+https://github.com/rust-lang/crates.io-index"
checksum = "a77c5a6f82cc6093a321ca5fb3dc9327fe51675d477b3799b4a9375bac3b7b4c"
dependencies = [
 "proc-macro2",
 "quote",
]

[[package]]
name = "web-sys"
version = "0.3.57"
source = "registry+https://github.com/rust-lang/crates.io-index"
checksum = "7b17e741662c70c8bd24ac5c5b18de314a2c26c32bf8346ee1e6f53de919c283"
dependencies = [
 "js-sys",
 "wasm-bindgen",
]

[[package]]
name = "winapi"
version = "0.3.9"
source = "registry+https://github.com/rust-lang/crates.io-index"
checksum = "5c839a674fcd7a98952e593242ea400abe93992746761e38641405d28b00f419"
dependencies = [
 "winapi-i686-pc-windows-gnu",
 "winapi-x86_64-pc-windows-gnu",
]

[[package]]
name = "winapi-i686-pc-windows-gnu"
version = "0.4.0"
source = "registry+https://github.com/rust-lang/crates.io-index"
checksum = "ac3b87c63620426dd9b991e5ce0329eff545bccbbb34f3be09ff6fb6ab51b7b6"

[[package]]
name = "winapi-util"
version = "0.1.5"
source = "registry+https://github.com/rust-lang/crates.io-index"
checksum = "70ec6ce85bb158151cae5e5c87f95a8e97d2c0c4b001223f33a334e3ce5de178"
dependencies = [
 "winapi",
]

[[package]]
name = "winapi-x86_64-pc-windows-gnu"
version = "0.4.0"
source = "registry+https://github.com/rust-lang/crates.io-index"
checksum = "712e227841d057c1ee1cd2fb22fa7e5a5461ae8e48fa2ca79ec42cfc1931183f"

[[package]]
name = "zstd"
version = "0.11.2+zstd.1.5.2"
source = "registry+https://github.com/rust-lang/crates.io-index"
checksum = "20cc960326ece64f010d2d2107537f26dc589a6573a316bd5b1dba685fa5fde4"
dependencies = [
 "zstd-safe",
]

[[package]]
name = "zstd-safe"
version = "5.0.2+zstd.1.5.2"
source = "registry+https://github.com/rust-lang/crates.io-index"
checksum = "1d2a5585e04f9eea4b2a3d1eca508c4dee9592a89ef6f450c11719da0726f4db"
dependencies = [
 "libc",
 "zstd-sys",
]

[[package]]
name = "zstd-sys"
version = "2.0.1+zstd.1.5.2"
source = "registry+https://github.com/rust-lang/crates.io-index"
checksum = "9fd07cbbc53846d9145dbffdf6dd09a7a0aa52be46741825f5c97bdd4f73f12b"
dependencies = [
 "cc",
 "libc",
]
